
Microsoft Visual Studio Solution File, Format Version 12.00
# Visual Studio Version 16
VisualStudioVersion = 16.0.32126.315
MinimumVisualStudioVersion = 10.0.40219.1
Project("{FAE04EC0-301F-11D3-BF4B-00C04F79EFBC}") = "CarMarket", "CarMarket\CarMarket.csproj", "{3429C851-4DF0-4B99-9BB3-E3A4138669C5}"
EndProject
Global
	GlobalSection(SolutionConfigurationPlatforms) = preSolution
		Debug|Any CPU = Debug|Any CPU
		Release|Any CPU = Release|Any CPU
	EndGlobalSection
	GlobalSection(ProjectConfigurationPlatforms) = postSolution
		{3429C851-4DF0-4B99-9BB3-E3A4138669C5}.Debug|Any CPU.ActiveCfg = Debug|Any CPU
		{3429C851-4DF0-4B99-9BB3-E3A4138669C5}.Debug|Any CPU.Build.0 = Debug|Any CPU
		{3429C851-4DF0-4B99-9BB3-E3A4138669C5}.Release|Any CPU.ActiveCfg = Release|Any CPU
		{3429C851-4DF0-4B99-9BB3-E3A4138669C5}.Release|Any CPU.Build.0 = Release|Any CPU
	EndGlobalSection
	GlobalSection(SolutionProperties) = preSolution
		HideSolutionNode = FALSE
	EndGlobalSection
	GlobalSection(ExtensibilityGlobals) = postSolution
		SolutionGuid = {0C19405B-0517-430D-8589-A0DFA8076E2F}
	EndGlobalSection
EndGlobal
